
Microsoft Visual Studio Solution File, Format Version 12.00
# Visual Studio Version 17
VisualStudioVersion = 17.7.34024.191
MinimumVisualStudioVersion = 10.0.40219.1
Project("{FAE04EC0-301F-11D3-BF4B-00C04F79EFBC}") = "30_ColouredItems", "30_ColouredItems\30_ColouredItems.csproj", "{1685D122-2D31-411A-B25B-7EBD59C7FB6C}"
EndProject
Global
	GlobalSection(SolutionConfigurationPlatforms) = preSolution
		Debug|Any CPU = Debug|Any CPU
		Release|Any CPU = Release|Any CPU
	EndGlobalSection
	GlobalSection(ProjectConfigurationPlatforms) = postSolution
		{1685D122-2D31-411A-B25B-7EBD59C7FB6C}.Debug|Any CPU.ActiveCfg = Debug|Any CPU
		{1685D122-2D31-411A-B25B-7EBD59C7FB6C}.Debug|Any CPU.Build.0 = Debug|Any CPU
		{1685D122-2D31-411A-B25B-7EBD59C7FB6C}.Release|Any CPU.ActiveCfg = Release|Any CPU
		{1685D122-2D31-411A-B25B-7EBD59C7FB6C}.Release|Any CPU.Build.0 = Release|Any CPU
	EndGlobalSection
	GlobalSection(SolutionProperties) = preSolution
		HideSolutionNode = FALSE
	EndGlobalSection
	GlobalSection(ExtensibilityGlobals) = postSolution
		SolutionGuid = {AF54D0A8-33BD-4FB3-90E9-66EECB525891}
	EndGlobalSection
EndGlobal
